hash: f445513b945e995958eeb26d8ac9d2b87f3ed9f8739d7f86745baa294f515198
updated: 2016-10-27T16:20:38.138751039-07:00
imports:
- name: github.com/codegangsta/cli
  version: f614c177b70c0f0e92c368d623c8770bf337c5d6
- name: github.com/hashicorp/errwrap
  version: 7554cd9344cec97297fa6649b055a8c98c2a1e55
- name: github.com/jtacoma/uritemplates
  version: 307ae868f90f4ee1b73ebe4596e0394237dacce8
- name: github.com/stretchr/testify
  version: 976c720a22c8eb4eb6a0b4348ad85ad12491a506
devImports: []
